# THIS IS AN AUTOGENERATED FILE. DO NOT EDIT THIS FILE DIRECTLY.
# yarn lockfile v1


he@1.1.1:
  version "1.1.1"
  resolved "https://registry.npm.taobao.org/he/download/he-1.1.1.tgz#93410fd21b009735151f8868c2f271f3427e23fd"

node-fetch@^2.6.1:
  version "2.6.1"
  resolved "https://registry.yarnpkg.com/node-fetch/-/node-fetch-2.6.1.tgz#045bd323631f76ed2e2b55573394416b639a0052"

node-html-parser@^1.2.4:
  version "1.2.4"
  resolved "https://registry.npm.taobao.org/node-html-parser/download/node-html-parser-1.2.4.tgz#bff5b403da3c5061d189e922aafb193c8e1f6f92"
  dependencies:
    he "1.1.1"
