# THIS IS AN AUTOGENERATED FILE. DO NOT EDIT THIS FILE DIRECTLY.
# yarn lockfile v1


he@1.1.1:
  version "1.1.1"
  resolved "https://registry.npm.taobao.org/he/download/he-1.1.1.tgz#93410fd21b009735151f8868c2f271f3427e23fd"

ical-generator@^1.15.1:
  version "1.15.1"
  resolved "https://registry.yarnpkg.com/ical-generator/-/ical-generator-1.15.1.tgz#12e2fbd4b15ca893875f88c15952077520b7cab8"
  integrity sha512-ZfrZYywBigtET2SPXtf+1qLupXx9KCWfWoHWjGs1k/hXWma8PtrhthWI3EdsLmWFyVvx2YzP/0Jh4sLAx7JVpw==
  dependencies:
    moment-timezone "^0.5.31"

moment-timezone@^0.5.31:
  version "0.5.31"
  resolved "https://registry.yarnpkg.com/moment-timezone/-/moment-timezone-0.5.31.tgz#9c40d8c5026f0c7ab46eda3d63e49c155148de05"
  integrity sha512-+GgHNg8xRhMXfEbv81iDtrVeTcWt0kWmTEY1XQK14dICTXnWJnT0dxdlPspwqF3keKMVPXwayEsk1DI0AA/jdA==
  dependencies:
    moment ">= 2.9.0"

"moment@>= 2.9.0", moment@^2.29.2:
  version "2.29.2"
  resolved "https://registry.yarnpkg.com/moment/-/moment-2.29.2.tgz#00910c60b20843bcba52d37d58c628b47b1f20e4"
  integrity sha512-UgzG4rvxYpN15jgCmVJwac49h9ly9NurikMWGPdVxm8GZD6XjkKPxDTjQQ43gtGgnV3X0cAyWDdP2Wexoquifg==

node-fetch@^2.6.1:
  version "2.6.1"
  resolved "https://registry.yarnpkg.com/node-fetch/-/node-fetch-2.6.1.tgz#045bd323631f76ed2e2b55573394416b639a0052"

node-html-parser@^1.2.4:
  version "1.2.4"
  resolved "https://registry.npm.taobao.org/node-html-parser/download/node-html-parser-1.2.4.tgz#bff5b403da3c5061d189e922aafb193c8e1f6f92"
  dependencies:
    he "1.1.1"
